{
  "name": "js",
  "version": "1.0.0",
  "lockfileVersion": 2,
  "requires": true,
  "packages": {
    "": {
      "name": "js",
      "version": "1.0.0",
      "license": "ISC",
      "dependencies": {
        "@anthropic-ai/tokenizer": "^0.0.4"
      }
    },
    "node_modules/@anthropic-ai/tokenizer": {
      "version": "0.0.4",
      "resolved": "https://registry.npmjs.org/@anthropic-ai/tokenizer/-/tokenizer-0.0.4.tgz",
      "integrity": "sha512-EHRKbxlxlc8W4KCBEseByJ7YwyYCmgu9OyN59H9+IYIGPoKv8tXyQXinkeGDI+cI8Tiuz9wk2jZb/kK7AyvL7g==",
      "dependencies": {
        "@types/node": "^18.11.18",
        "tiktoken": "^1.0.10"
      }
    },
    "node_modules/@types/node": {
      "version": "18.17.18",
      "resolved": "https://registry.npmjs.org/@types/node/-/node-18.17.18.tgz",
      "integrity": "sha512-/4QOuy3ZpV7Ya1GTRz5CYSz3DgkKpyUptXuQ5PPce7uuyJAOR7r9FhkmxJfvcNUXyklbC63a+YvB3jxy7s9ngw=="
    },
    "node_modules/tiktoken": {
      "version": "1.0.10",
      "resolved": "https://registry.npmjs.org/tiktoken/-/tiktoken-1.0.10.tgz",
      "integrity": "sha512-gF8ndTCNu7WcRFbl1UUWaFIB4CTXmHzS3tRYdyUYF7x3C6YR6Evoao4zhKDmWIwv2PzNbzoQMV8Pxt+17lEDbA=="
    }
  },
  "dependencies": {
    "@anthropic-ai/tokenizer": {
      "version": "0.0.4",
      "resolved": "https://registry.npmjs.org/@anthropic-ai/tokenizer/-/tokenizer-0.0.4.tgz",
      "integrity": "sha512-EHRKbxlxlc8W4KCBEseByJ7YwyYCmgu9OyN59H9+IYIGPoKv8tXyQXinkeGDI+cI8Tiuz9wk2jZb/kK7AyvL7g==",
      "requires": {
        "@types/node": "^18.11.18",
        "tiktoken": "^1.0.10"
      }
    },
    "@types/node": {
      "version": "18.17.18",
      "resolved": "https://registry.npmjs.org/@types/node/-/node-18.17.18.tgz",
      "integrity": "sha512-/4QOuy3ZpV7Ya1GTRz5CYSz3DgkKpyUptXuQ5PPce7uuyJAOR7r9FhkmxJfvcNUXyklbC63a+YvB3jxy7s9ngw=="
    },
    "tiktoken": {
      "version": "1.0.10",
      "resolved": "https://registry.npmjs.org/tiktoken/-/tiktoken-1.0.10.tgz",
      "integrity": "sha512-gF8ndTCNu7WcRFbl1UUWaFIB4CTXmHzS3tRYdyUYF7x3C6YR6Evoao4zhKDmWIwv2PzNbzoQMV8Pxt+17lEDbA=="
    }
  }
}
